// !$*UTF8*$!
{
	archiveVersion = 1;
	classes = {
	};
	objectVersion = 46;
	objects = {

/* Begin PBXBuildFile section */
		8BB35E0A1E600DCD0033F4E3 /* AppDelegate.swift in Sources */ = {isa = PBXBuildFile; fileRef = 8BB35E091E600DCD0033F4E3 /* AppDelegate.swift */; };
		8BB35E0F1E600DCD0033F4E3 /* Main.storyboard in Resources */ = {isa = PBXBuildFile; fileRef = 8BB35E0D1E600DCD0033F4E3 /* Main.storyboard */; };
		8BB35E111E600DCD0033F4E3 /* Assets.xcassets in Resources */ = {isa = PBXBuildFile; fileRef = 8BB35E101E600DCD0033F4E3 /* Assets.xcassets */; };
		8BB35E141E600DCD0033F4E3 /* LaunchScreen.storyboard in Resources */ = {isa = PBXBuildFile; fileRef = 8BB35E121E600DCD0033F4E3 /* LaunchScreen.storyboard */; };
		8BB35E1F1E600DCD0033F4E3 /* GoTalkTests.swift in Sources */ = {isa = PBXBuildFile; fileRef = 8BB35E1E1E600DCD0033F4E3 /* GoTalkTests.swift */; };
		8BB35E2A1E600DCD0033F4E3 /* GoTalkUITests.swift in Sources */ = {isa = PBXBuildFile; fileRef = 8BB35E291E600DCD0033F4E3 /* GoTalkUITests.swift */; };
		8BB35E441E6020590033F4E3 /* UIViewController+AlertsViewController.swift in Sources */ = {isa = PBXBuildFile; fileRef = 8BB35E431E6020590033F4E3 /* UIViewController+AlertsViewController.swift */; };
		8BB35E461E6058960033F4E3 /* ContactsVC.swift in Sources */ = {isa = PBXBuildFile; fileRef = 8BB35E451E6058960033F4E3 /* ContactsVC.swift */; };
		8BB35E481E60676E0033F4E3 /* InitialVC.swift in Sources */ = {isa = PBXBuildFile; fileRef = 8BB35E471E60676E0033F4E3 /* InitialVC.swift */; };
		8BB35E4B1E606FC10033F4E3 /* PhoneBookContactList.swift in Sources */ = {isa = PBXBuildFile; fileRef = 8BB35E4A1E606FC10033F4E3 /* PhoneBookContactList.swift */; };
		8BB35E4F1E60711D0033F4E3 /* PhoneBookCell.swift in Sources */ = {isa = PBXBuildFile; fileRef = 8BB35E4D1E60711D0033F4E3 /* PhoneBookCell.swift */; };
		8BB35E501E60711D0033F4E3 /* PhoneBookCell.xib in Resources */ = {isa = PBXBuildFile; fileRef = 8BB35E4E1E60711D0033F4E3 /* PhoneBookCell.xib */; };
		8BB35E531E6200510033F4E3 /* PhoneBookSharedInstance.swift in Sources */ = {isa = PBXBuildFile; fileRef = 8BB35E521E6200510033F4E3 /* PhoneBookSharedInstance.swift */; };
		8BB35E551E621D890033F4E3 /* .gitignore in Resources */ = {isa = PBXBuildFile; fileRef = 8BB35E541E621D890033F4E3 /* .gitignore */; };
		8BB35E571E621E420033F4E3 /* README.md in Sources */ = {isa = PBXBuildFile; fileRef = 8BB35E561E621E420033F4E3 /* README.md */; };
/* End PBXBuildFile section */

/* Begin PBXContainerItemProxy section */
		8BB35E1B1E600DCD0033F4E3 /* PBXContainerItemProxy */ = {
			isa = PBXContainerItemProxy;
			containerPortal = 8BB35DFE1E600DCD0033F4E3 /* Project object */;
			proxyType = 1;
			remoteGlobalIDString = 8BB35E051E600DCD0033F4E3;
			remoteInfo = GoTalk;
		};
		8BB35E261E600DCD0033F4E3 /* PBXContainerItemProxy */ = {
			isa = PBXContainerItemProxy;
			containerPortal = 8BB35DFE1E600DCD0033F4E3 /* Project object */;
			proxyType = 1;
			remoteGlobalIDString = 8BB35E051E600DCD0033F4E3;
			remoteInfo = GoTalk;
		};
/* End PBXContainerItemProxy section */

/* Begin PBXFileReference section */
		8BB35E061E600DCD0033F4E3 /* GoTalk.app */ = {isa = PBXFileReference; explicitFileType = wrapper.application; includeInIndex = 0; path = GoTalk.app; sourceTree = BUILT_PRODUCTS_DIR; };
		8BB35E091E600DCD0033F4E3 /* AppDelegate.swift */ = {isa = PBXFileReference; lastKnownFileType = sourcecode.swift; name = AppDelegate.swift; path = ../AppDelegate.swift; sourceTree = "<group>"; };
		8BB35E0E1E600DCD0033F4E3 /* Base */ = {isa = PBXFileReference; lastKnownFileType = file.storyboard; name = Base; path = Base.lproj/Main.storyboard; sourceTree = "<group>"; };
		8BB35E101E600DCD0033F4E3 /* Assets.xcassets */ = {isa = PBXFileReference; lastKnownFileType = folder.assetcatalog; name = Assets.xcassets; path = ../Assets.xcassets; sourceTree = "<group>"; };
		8BB35E131E600DCD0033F4E3 /* Base */ = {isa = PBXFileReference; lastKnownFileType = file.storyboard; name = Base; path = Base.lproj/LaunchScreen.storyboard; sourceTree = "<group>"; };
		8BB35E151E600DCD0033F4E3 /* Info.plist */ = {isa = PBXFileReference; lastKnownFileType = text.plist.xml; name = Info.plist; path = ../Info.plist; sourceTree = "<group>"; };
		8BB35E1A1E600DCD0033F4E3 /* GoTalkTests.xctest */ = {isa = PBXFileReference; explicitFileType = wrapper.cfbundle; includeInIndex = 0; path = GoTalkTests.xctest; sourceTree = BUILT_PRODUCTS_DIR; };
		8BB35E1E1E600DCD0033F4E3 /* GoTalkTests.swift */ = {isa = PBXFileReference; lastKnownFileType = sourcecode.swift; path = GoTalkTests.swift; sourceTree = "<group>"; };
		8BB35E201E600DCD0033F4E3 /* Info.plist */ = {isa = PBXFileReference; lastKnownFileType = text.plist.xml; path = Info.plist; sourceTree = "<group>"; };
		8BB35E251E600DCD0033F4E3 /* GoTalkUITests.xctest */ = {isa = PBXFileReference; explicitFileType = wrapper.cfbundle; includeInIndex = 0; path = GoTalkUITests.xctest; sourceTree = BUILT_PRODUCTS_DIR; };
		8BB35E291E600DCD0033F4E3 /* GoTalkUITests.swift */ = {isa = PBXFileReference; lastKnownFileType = sourcecode.swift; path = GoTalkUITests.swift; sourceTree = "<group>"; };
		8BB35E2B1E600DCD0033F4E3 /* Info.plist */ = {isa = PBXFileReference; lastKnownFileType = text.plist.xml; path = Info.plist; sourceTree = "<group>"; };
		8BB35E431E6020590033F4E3 /* UIViewController+AlertsViewController.swift */ = {isa = PBXFileReference; fileEncoding = 4; lastKnownFileType = sourcecode.swift; path = "UIViewController+AlertsViewController.swift"; sourceTree = "<group>"; };
		8BB35E451E6058960033F4E3 /* ContactsVC.swift */ = {isa = PBXFileReference; fileEncoding = 4; lastKnownFileType = sourcecode.swift; path = ContactsVC.swift; sourceTree = "<group>"; };
		8BB35E471E60676E0033F4E3 /* InitialVC.swift */ = {isa = PBXFileReference; fileEncoding = 4; lastKnownFileType = sourcecode.swift; path = InitialVC.swift; sourceTree = "<group>"; };
		8BB35E4A1E606FC10033F4E3 /* PhoneBookContactList.swift */ = {isa = PBXFileReference; fileEncoding = 4; lastKnownFileType = sourcecode.swift; path = PhoneBookContactList.swift; sourceTree = "<group>"; };
		8BB35E4D1E60711D0033F4E3 /* PhoneBookCell.swift */ = {isa = PBXFileReference; fileEncoding = 4; lastKnownFileType = sourcecode.swift; path = PhoneBookCell.swift; sourceTree = "<group>"; };
		8BB35E4E1E60711D0033F4E3 /* PhoneBookCell.xib */ = {isa = PBXFileReference; fileEncoding = 4; lastKnownFileType = file.xib; path = PhoneBookCell.xib; sourceTree = "<group>"; };
		8BB35E521E6200510033F4E3 /* PhoneBookSharedInstance.swift */ = {isa = PBXFileReference; fileEncoding = 4; lastKnownFileType = sourcecode.swift; path = PhoneBookSharedInstance.swift; sourceTree = "<group>"; };
		8BB35E541E621D890033F4E3 /* .gitignore */ = {isa = PBXFileReference; fileEncoding = 4; lastKnownFileType = text; path = .gitignore; sourceTree = "<group>"; };
		8BB35E561E621E420033F4E3 /* README.md */ = {isa = PBXFileReference; fileEncoding = 4; lastKnownFileType = net.daringfireball.markdown; path = README.md; sourceTree = "<group>"; };
/* End PBXFileReference section */

/* Begin PBXFrameworksBuildPhase section */
		8BB35E031E600DCD0033F4E3 /* Frameworks */ = {
			isa = PBXFrameworksBuildPhase;
			buildActionMask = 2147483647;
			files = (
			);
			runOnlyForDeploymentPostprocessing = 0;
		};
		8BB35E171E600DCD0033F4E3 /* Frameworks */ = {
			isa = PBXFrameworksBuildPhase;
			buildActionMask = 2147483647;
			files = (
			);
			runOnlyForDeploymentPostprocessing = 0;
		};
		8BB35E221E600DCD0033F4E3 /* Frameworks */ = {
			isa = PBXFrameworksBuildPhase;
			buildActionMask = 2147483647;
			files = (
			);
			runOnlyForDeploymentPostprocessing = 0;
		};
/* End PBXFrameworksBuildPhase section */

/* Begin PBXGroup section */
		8BB35DFD1E600DCD0033F4E3 = {
			isa = PBXGroup;
			children = (
				8BB35E081E600DCD0033F4E3 /* GoTalk */,
				8BB35E1D1E600DCD0033F4E3 /* GoTalkTests */,
				8BB35E281E600DCD0033F4E3 /* GoTalkUITests */,
				8BB35E071E600DCD0033F4E3 /* Products */,
			);
			sourceTree = "<group>";
		};
		8BB35E071E600DCD0033F4E3 /* Products */ = {
			isa = PBXGroup;
			children = (
				8BB35E061E600DCD0033F4E3 /* GoTalk.app */,
				8BB35E1A1E600DCD0033F4E3 /* GoTalkTests.xctest */,
				8BB35E251E600DCD0033F4E3 /* GoTalkUITests.xctest */,
			);
			name = Products;
			sourceTree = "<group>";
		};
		8BB35E081E600DCD0033F4E3 /* GoTalk */ = {
			isa = PBXGroup;
			children = (
				8BB35E511E62002F0033F4E3 /* PhoneBookSharedInstance */,
				8BB35E4C1E6070F90033F4E3 /* PhoneBookCell */,
				8BB35E491E606F8B0033F4E3 /* Models */,
				8BB35E421E601AD60033F4E3 /* Views and StoryBoards */,
				8BB35E411E601A950033F4E3 /* ViewControllers */,
				8BB35E401E601A150033F4E3 /* Categories */,
				8BB35E3F1E6019C80033F4E3 /* AppResources */,
			);
			path = GoTalk;
			sourceTree = "<group>";
		};
		8BB35E1D1E600DCD0033F4E3 /* GoTalkTests */ = {
			isa = PBXGroup;
			children = (
				8BB35E1E1E600DCD0033F4E3 /* GoTalkTests.swift */,
				8BB35E201E600DCD0033F4E3 /* Info.plist */,
			);
			path = GoTalkTests;
			sourceTree = "<group>";
		};
		8BB35E281E600DCD0033F4E3 /* GoTalkUITests */ = {
			isa = PBXGroup;
			children = (
				8BB35E291E600DCD0033F4E3 /* GoTalkUITests.swift */,
				8BB35E2B1E600DCD0033F4E3 /* Info.plist */,
			);
			path = GoTalkUITests;
			sourceTree = "<group>";
		};
		8BB35E3F1E6019C80033F4E3 /* AppResources */ = {
			isa = PBXGroup;
			children = (
				8BB35E561E621E420033F4E3 /* README.md */,
				8BB35E541E621D890033F4E3 /* .gitignore */,
				8BB35E091E600DCD0033F4E3 /* AppDelegate.swift */,
				8BB35E101E600DCD0033F4E3 /* Assets.xcassets */,
				8BB35E151E600DCD0033F4E3 /* Info.plist */,
			);
			path = AppResources;
			sourceTree = "<group>";
		};
		8BB35E401E601A150033F4E3 /* Categories */ = {
			isa = PBXGroup;
			children = (
				8BB35E431E6020590033F4E3 /* UIViewController+AlertsViewController.swift */,
			);
			path = Categories;
			sourceTree = "<group>";
		};
		8BB35E411E601A950033F4E3 /* ViewControllers */ = {
			isa = PBXGroup;
			children = (
				8BB35E451E6058960033F4E3 /* ContactsVC.swift */,
				8BB35E471E60676E0033F4E3 /* InitialVC.swift */,
			);
			name = ViewControllers;
			path = VIewControllers;
			sourceTree = "<group>";
		};
		8BB35E421E601AD60033F4E3 /* Views and StoryBoards */ = {
			isa = PBXGroup;
			children = (
				8BB35E0D1E600DCD0033F4E3 /* Main.storyboard */,
				8BB35E121E600DCD0033F4E3 /* LaunchScreen.storyboard */,
			);
			path = "Views and StoryBoards";
			sourceTree = "<group>";
		};
		8BB35E491E606F8B0033F4E3 /* Models */ = {
			isa = PBXGroup;
			children = (
				8BB35E4A1E606FC10033F4E3 /* PhoneBookContactList.swift */,
			);
			path = Models;
			sourceTree = "<group>";
		};
		8BB35E4C1E6070F90033F4E3 /* PhoneBookCell */ = {
			isa = PBXGroup;
			children = (
				8BB35E4D1E60711D0033F4E3 /* PhoneBookCell.swift */,
				8BB35E4E1E60711D0033F4E3 /* PhoneBookCell.xib */,
			);
			path = PhoneBookCell;
			sourceTree = "<group>";
		};
		8BB35E511E62002F0033F4E3 /* PhoneBookSharedInstance */ = {
			isa = PBXGroup;
			children = (
				8BB35E521E6200510033F4E3 /* PhoneBookSharedInstance.swift */,
			);
			path = PhoneBookSharedInstance;
			sourceTree = "<group>";
		};
/* End PBXGroup section */

/* Begin PBXNativeTarget section */
		8BB35E051E600DCD0033F4E3 /* GoTalk */ = {
			isa = PBXNativeTarget;
			buildConfigurationList = 8BB35E2E1E600DCD0033F4E3 /* Build configuration list for PBXNativeTarget "GoTalk" */;
			buildPhases = (
				8BB35E021E600DCD0033F4E3 /* Sources */,
				8BB35E031E600DCD0033F4E3 /* Frameworks */,
				8BB35E041E600DCD0033F4E3 /* Resources */,
			);
			buildRules = (
			);
			dependencies = (
			);
			name = GoTalk;
			productName = GoTalk;
			productReference = 8BB35E061E600DCD0033F4E3 /* GoTalk.app */;
			productType = "com.apple.product-type.application";
		};
		8BB35E191E600DCD0033F4E3 /* GoTalkTests */ = {
			isa = PBXNativeTarget;
			buildConfigurationList = 8BB35E311E600DCD0033F4E3 /* Build configuration list for PBXNativeTarget "GoTalkTests" */;
			buildPhases = (
				8BB35E161E600DCD0033F4E3 /* Sources */,
				8BB35E171E600DCD0033F4E3 /* Frameworks */,
				8BB35E181E600DCD0033F4E3 /* Resources */,
			);
			buildRules = (
			);
			dependencies = (
				8BB35E1C1E600DCD0033F4E3 /* PBXTargetDependency */,
			);
			name = GoTalkTests;
			productName = GoTalkTests;
			productReference = 8BB35E1A1E600DCD0033F4E3 /* GoTalkTests.xctest */;
			productType = "com.apple.product-type.bundle.unit-test";
		};
		8BB35E241E600DCD0033F4E3 /* GoTalkUITests */ = {
			isa = PBXNativeTarget;
			buildConfigurationList = 8BB35E341E600DCD0033F4E3 /* Build configuration list for PBXNativeTarget "GoTalkUITests" */;
			buildPhases = (
				8BB35E211E600DCD0033F4E3 /* Sources */,
				8BB35E221E600DCD0033F4E3 /* Frameworks */,
				8BB35E231E600DCD0033F4E3 /* Resources */,
			);
			buildRules = (
			);
			dependencies = (
				8BB35E271E600DCD0033F4E3 /* PBXTargetDependency */,
			);
			name = GoTalkUITests;
			productName = GoTalkUITests;
			productReference = 8BB35E251E600DCD0033F4E3 /* GoTalkUITests.xctest */;
			productType = "com.apple.product-type.bundle.ui-testing";
		};
/* End PBXNativeTarget section */

/* Begin PBXProject section */
		8BB35DFE1E600DCD0033F4E3 /* Project object */ = {
			isa = PBXProject;
			attributes = {
				LastSwiftUpdateCheck = 0820;
				LastUpgradeCheck = 0820;
				ORGANIZATIONNAME = Subhodip;
				TargetAttributes = {
					8BB35E051E600DCD0033F4E3 = {
						CreatedOnToolsVersion = 8.2.1;
						DevelopmentTeam = WAS6TN49RL;
						ProvisioningStyle = Automatic;
					};
					8BB35E191E600DCD0033F4E3 = {
						CreatedOnToolsVersion = 8.2.1;
						DevelopmentTeam = WAS6TN49RL;
						ProvisioningStyle = Automatic;
						TestTargetID = 8BB35E051E600DCD0033F4E3;
					};
					8BB35E241E600DCD0033F4E3 = {
						CreatedOnToolsVersion = 8.2.1;
						DevelopmentTeam = WAS6TN49RL;
						ProvisioningStyle = Automatic;
						TestTargetID = 8BB35E051E600DCD0033F4E3;
					};
				};
			};
			buildConfigurationList = 8BB35E011E600DCD0033F4E3 /* Build configuration list for PBXProject "GoTalk" */;
			compatibilityVersion = "Xcode 3.2";
			developmentRegion = English;
			hasScannedForEncodings = 0;
			knownRegions = (
				en,
				Base,
			);
			mainGroup = 8BB35DFD1E600DCD0033F4E3;
			productRefGroup = 8BB35E071E600DCD0033F4E3 /* Products */;
			projectDirPath = "";
			projectRoot = "";
			targets = (
				8BB35E051E600DCD0033F4E3 /* GoTalk */,
				8BB35E191E600DCD0033F4E3 /* GoTalkTests */,
				8BB35E241E600DCD0033F4E3 /* GoTalkUITests */,
			);
		};
/* End PBXProject section */

/* Begin PBXResourcesBuildPhase section */
		8BB35E041E600DCD0033F4E3 /* Resources */ = {
			isa = PBXResourcesBuildPhase;
			buildActionMask = 2147483647;
			files = (
				8BB35E551E621D890033F4E3 /* .gitignore in Resources */,
				8BB35E141E600DCD0033F4E3 /* LaunchScreen.storyboard in Resources */,
				8BB35E111E600DCD0033F4E3 /* Assets.xcassets in Resources */,
				8BB35E0F1E600DCD0033F4E3 /* Main.storyboard in Resources */,
				8BB35E501E60711D0033F4E3 /* PhoneBookCell.xib in Resources */,
			);
			runOnlyForDeploymentPostprocessing = 0;
		};
		8BB35E181E600DCD0033F4E3 /* Resources */ = {
			isa = PBXResourcesBuildPhase;
			buildActionMask = 2147483647;
			files = (
			);
			runOnlyForDeploymentPostprocessing = 0;
		};
		8BB35E231E600DCD0033F4E3 /* Resources */ = {
			isa = PBXResourcesBuildPhase;
			buildActionMask = 2147483647;
			files = (
			);
			runOnlyForDeploymentPostprocessing = 0;
		};
/* End PBXResourcesBuildPhase section */

/* Begin PBXSourcesBuildPhase section */
		8BB35E021E600DCD0033F4E3 /* Sources */ = {
			isa = PBXSourcesBuildPhase;
			buildActionMask = 2147483647;
			files = (
				8BB35E481E60676E0033F4E3 /* InitialVC.swift in Sources */,
				8BB35E531E6200510033F4E3 /* PhoneBookSharedInstance.swift in Sources */,
				8BB35E0A1E600DCD0033F4E3 /* AppDelegate.swift in Sources */,
				8BB35E4B1E606FC10033F4E3 /* PhoneBookContactList.swift in Sources */,
				8BB35E4F1E60711D0033F4E3 /* PhoneBookCell.swift in Sources */,
				8BB35E441E6020590033F4E3 /* UIViewController+AlertsViewController.swift in Sources */,
				8BB35E571E621E420033F4E3 /* README.md in Sources */,
				8BB35E461E6058960033F4E3 /* ContactsVC.swift in Sources */,
			);
			runOnlyForDeploymentPostprocessing = 0;
		};
		8BB35E161E600DCD0033F4E3 /* Sources */ = {
			isa = PBXSourcesBuildPhase;
			buildActionMask = 2147483647;
			files = (
				8BB35E1F1E600DCD0033F4E3 /* GoTalkTests.swift in Sources */,
			);
			runOnlyForDeploymentPostprocessing = 0;
		};
		8BB35E211E600DCD0033F4E3 /* Sources */ = {
			isa = PBXSourcesBuildPhase;
			buildActionMask = 2147483647;
			files = (
				8BB35E2A1E600DCD0033F4E3 /* GoTalkUITests.swift in Sources */,
			);
			runOnlyForDeploymentPostprocessing = 0;
		};
/* End PBXSourcesBuildPhase section */

/* Begin PBXTargetDependency section */
		8BB35E1C1E600DCD0033F4E3 /* PBXTargetDependency */ = {
			isa = PBXTargetDependency;
			target = 8BB35E051E600DCD0033F4E3 /* GoTalk */;
			targetProxy = 8BB35E1B1E600DCD0033F4E3 /* PBXContainerItemProxy */;
		};
		8BB35E271E600DCD0033F4E3 /* PBXTargetDependency */ = {
			isa = PBXTargetDependency;
			target = 8BB35E051E600DCD0033F4E3 /* GoTalk */;
			targetProxy = 8BB35E261E600DCD0033F4E3 /* PBXContainerItemProxy */;
		};
/* End PBXTargetDependency section */

/* Begin PBXVariantGroup section */
		8BB35E0D1E600DCD0033F4E3 /* Main.storyboard */ = {
			isa = PBXVariantGroup;
			children = (
				8BB35E0E1E600DCD0033F4E3 /* Base */,
			);
			name = Main.storyboard;
			path = ..;
			sourceTree = "<group>";
		};
		8BB35E121E600DCD0033F4E3 /* LaunchScreen.storyboard */ = {
			isa = PBXVariantGroup;
			children = (
				8BB35E131E600DCD0033F4E3 /* Base */,
			);
			name = LaunchScreen.storyboard;
			path = ..;
			sourceTree = "<group>";
		};
/* End PBXVariantGroup section */

/* Begin XCBuildConfiguration section */
		8BB35E2C1E600DCD0033F4E3 /* Debug */ = {
			isa = XCBuildConfiguration;
			buildSettings = {
				ALWAYS_SEARCH_USER_PATHS = NO;
				CLANG_ANALYZER_NONNULL = YES;
				CLANG_CXX_LANGUAGE_STANDARD = "gnu++0x";
				CLANG_CXX_LIBRARY = "libc++";
				CLANG_ENABLE_MODULES = YES;
				CLANG_ENABLE_OBJC_ARC = YES;
				CLANG_WARN_BOOL_CONVERSION = YES;
				CLANG_WARN_CONSTANT_CONVERSION = YES;
				CLANG_WARN_DIRECT_OBJC_ISA_USAGE = YES_ERROR;
				CLANG_WARN_DOCUMENTATION_COMMENTS = YES;
				CLANG_WARN_EMPTY_BODY = YES;
				CLANG_WARN_ENUM_CONVERSION = YES;
				CLANG_WARN_INFINITE_RECURSION = YES;
				CLANG_WARN_INT_CONVERSION = YES;
				CLANG_WARN_OBJC_ROOT_CLASS = YES_ERROR;
				CLANG_WARN_SUSPICIOUS_MOVE = YES;
				CLANG_WARN_UNREACHABLE_CODE = YES;
				CLANG_WARN__DUPLICATE_METHOD_MATCH = YES;
				"CODE_SIGN_IDENTITY[sdk=iphoneos*]" = "iPhone Developer";
				COPY_PHASE_STRIP = NO;
				DEBUG_INFORMATION_FORMAT = dwarf;
				ENABLE_STRICT_OBJC_MSGSEND = YES;
				ENABLE_TESTABILITY = YES;
				GCC_C_LANGUAGE_STANDARD = gnu99;
				GCC_DYNAMIC_NO_PIC = NO;
				GCC_NO_COMMON_BLOCKS = YES;
				GCC_OPTIMIZATION_LEVEL = 0;
				GCC_PREPROCESSOR_DEFINITIONS = (
					"DEBUG=1",
					"$(inherited)",
				);
				GCC_WARN_64_TO_32_BIT_CONVERSION = YES;
				GCC_WARN_ABOUT_RETURN_TYPE = YES_ERROR;
				GCC_WARN_UNDECLARED_SELECTOR = YES;
				GCC_WARN_UNINITIALIZED_AUTOS = YES_AGGRESSIVE;
				GCC_WARN_UNUSED_FUNCTION = YES;
				GCC_WARN_UNUSED_VARIABLE = YES;
				IPHONEOS_DEPLOYMENT_TARGET = 10.2;
				MTL_ENABLE_DEBUG_INFO = YES;
				ONLY_ACTIVE_ARCH = YES;
				SDKROOT = iphoneos;
				SWIFT_ACTIVE_COMPILATION_CONDITIONS = DEBUG;
				SWIFT_OPTIMIZATION_LEVEL = "-Onone";
			};
			name = Debug;
		};
		8BB35E2D1E600DCD0033F4E3 /* Release */ = {
			isa = XCBuildConfiguration;
			buildSettings = {
				ALWAYS_SEARCH_USER_PATHS = NO;
				CLANG_ANALYZER_NONNULL = YES;
				CLANG_CXX_LANGUAGE_STANDARD = "gnu++0x";
				CLANG_CXX_LIBRARY = "libc++";
				CLANG_ENABLE_MODULES = YES;
				CLANG_ENABLE_OBJC_ARC = YES;
				CLANG_WARN_BOOL_CONVERSION = YES;
				CLANG_WARN_CONSTANT_CONVERSION = YES;
				CLANG_WARN_DIRECT_OBJC_ISA_USAGE = YES_ERROR;
				CLANG_WARN_DOCUMENTATION_COMMENTS = YES;
				CLANG_WARN_EMPTY_BODY = YES;
				CLANG_WARN_ENUM_CONVERSION = YES;
				CLANG_WARN_INFINITE_RECURSION = YES;
				CLANG_WARN_INT_CONVERSION = YES;
				CLANG_WARN_OBJC_ROOT_CLASS = YES_ERROR;
				CLANG_WARN_SUSPICIOUS_MOVE = YES;
				CLANG_WARN_UNREACHABLE_CODE = YES;
				CLANG_WARN__DUPLICATE_METHOD_MATCH = YES;
				"CODE_SIGN_IDENTITY[sdk=iphoneos*]" = "iPhone Developer";
				COPY_PHASE_STRIP = NO;
				DEBUG_INFORMATION_FORMAT = "dwarf-with-dsym";
				ENABLE_NS_ASSERTIONS = NO;
				ENABLE_STRICT_OBJC_MSGSEND = YES;
				GCC_C_LANGUAGE_STANDARD = gnu99;
				GCC_NO_COMMON_BLOCKS = YES;
				GCC_WARN_64_TO_32_BIT_CONVERSION = YES;
				GCC_WARN_ABOUT_RETURN_TYPE = YES_ERROR;
				GCC_WARN_UNDECLARED_SELECTOR = YES;
				GCC_WARN_UNINITIALIZED_AUTOS = YES_AGGRESSIVE;
				GCC_WARN_UNUSED_FUNCTION = YES;
				GCC_WARN_UNUSED_VARIABLE = YES;
				IPHONEOS_DEPLOYMENT_TARGET = 10.2;
				MTL_ENABLE_DEBUG_INFO = NO;
				SDKROOT = iphoneos;
				SWIFT_OPTIMIZATION_LEVEL = "-Owholemodule";
				VALIDATE_PRODUCT = YES;
			};
			name = Release;
		};
		8BB35E2F1E600DCD0033F4E3 /* Debug */ = {
			isa = XCBuildConfiguration;
			buildSettings = {
				ASSETCATALOG_COMPILER_APPICON_NAME = AppIcon;
				DEVELOPMENT_TEAM = WAS6TN49RL;
				INFOPLIST_FILE = GoTalk/Info.plist;
				LD_RUNPATH_SEARCH_PATHS = "$(inherited) @executable_path/Frameworks";
				PRODUCT_BUNDLE_IDENTIFIER = com.abc.GoTalk;
				PRODUCT_NAME = "$(TARGET_NAME)";
				SWIFT_VERSION = 3.0;
			};
			name = Debug;
		};
		8BB35E301E600DCD0033F4E3 /* Release */ = {
			isa = XCBuildConfiguration;
			buildSettings = {
				ASSETCATALOG_COMPILER_APPICON_NAME = AppIcon;
				DEVELOPMENT_TEAM = WAS6TN49RL;
				INFOPLIST_FILE = GoTalk/Info.plist;
				LD_RUNPATH_SEARCH_PATHS = "$(inherited) @executable_path/Frameworks";
				PRODUCT_BUNDLE_IDENTIFIER = com.abc.GoTalk;
				PRODUCT_NAME = "$(TARGET_NAME)";
				SWIFT_VERSION = 3.0;
			};
			name = Release;
		};
		8BB35E321E600DCD0033F4E3 /* Debug */ = {
			isa = XCBuildConfiguration;
			buildSettings = {
				ALWAYS_EMBED_SWIFT_STANDARD_LIBRARIES = YES;
				BUNDLE_LOADER = "$(TEST_HOST)";
				DEVELOPMENT_TEAM = WAS6TN49RL;
				INFOPLIST_FILE = GoTalkTests/Info.plist;
				LD_RUNPATH_SEARCH_PATHS = "$(inherited) @executable_path/Frameworks @loader_path/Frameworks";
				PRODUCT_BUNDLE_IDENTIFIER = com.abc.GoTalkTests;
				PRODUCT_NAME = "$(TARGET_NAME)";
				SWIFT_VERSION = 3.0;
				TEST_HOST = "$(BUILT_PRODUCTS_DIR)/GoTalk.app/GoTalk";
			};
			name = Debug;
		};
		8BB35E331E600DCD0033F4E3 /* Release */ = {
			isa = XCBuildConfiguration;
			buildSettings = {
				ALWAYS_EMBED_SWIFT_STANDARD_LIBRARIES = YES;
				BUNDLE_LOADER = "$(TEST_HOST)";
				DEVELOPMENT_TEAM = WAS6TN49RL;
				INFOPLIST_FILE = GoTalkTests/Info.plist;
				LD_RUNPATH_SEARCH_PATHS = "$(inherited) @executable_path/Frameworks @loader_path/Frameworks";
				PRODUCT_BUNDLE_IDENTIFIER = com.abc.GoTalkTests;
				PRODUCT_NAME = "$(TARGET_NAME)";
				SWIFT_VERSION = 3.0;
				TEST_HOST = "$(BUILT_PRODUCTS_DIR)/GoTalk.app/GoTalk";
			};
			name = Release;
		};
		8BB35E351E600DCD0033F4E3 /* Debug */ = {
			isa = XCBuildConfiguration;
			buildSettings = {
				ALWAYS_EMBED_SWIFT_STANDARD_LIBRARIES = YES;
				DEVELOPMENT_TEAM = WAS6TN49RL;
				INFOPLIST_FILE = GoTalkUITests/Info.plist;
				LD_RUNPATH_SEARCH_PATHS = "$(inherited) @executable_path/Frameworks @loader_path/Frameworks";
				PRODUCT_BUNDLE_IDENTIFIER = com.abc.GoTalkUITests;
				PRODUCT_NAME = "$(TARGET_NAME)";
				SWIFT_VERSION = 3.0;
				TEST_TARGET_NAME = GoTalk;
			};
			name = Debug;
		};
		8BB35E361E600DCD0033F4E3 /* Release */ = {
			isa = XCBuildConfiguration;
			buildSettings = {
				ALWAYS_EMBED_SWIFT_STANDARD_LIBRARIES = YES;
				DEVELOPMENT_TEAM = WAS6TN49RL;
				INFOPLIST_FILE = GoTalkUITests/Info.plist;
				LD_RUNPATH_SEARCH_PATHS = "$(inherited) @executable_path/Frameworks @loader_path/Frameworks";
				PRODUCT_BUNDLE_IDENTIFIER = com.abc.GoTalkUITests;
				PRODUCT_NAME = "$(TARGET_NAME)";
				SWIFT_VERSION = 3.0;
				TEST_TARGET_NAME = GoTalk;
			};
			name = Release;
		};
/* End XCBuildConfiguration section */

/* Begin XCConfigurationList section */
		8BB35E011E600DCD0033F4E3 /* Build configuration list for PBXProject "GoTalk" */ = {
			isa = XCConfigurationList;
			buildConfigurations = (
				8BB35E2C1E600DCD0033F4E3 /* Debug */,
				8BB35E2D1E600DCD0033F4E3 /* Release */,
			);
			defaultConfigurationIsVisible = 0;
			defaultConfigurationName = Release;
		};
		8BB35E2E1E600DCD0033F4E3 /* Build configuration list for PBXNativeTarget "GoTalk" */ = {
			isa = XCConfigurationList;
			buildConfigurations = (
				8BB35E2F1E600DCD0033F4E3 /* Debug */,
				8BB35E301E600DCD0033F4E3 /* Release */,
			);
			defaultConfigurationIsVisible = 0;
			defaultConfigurationName = Release;
		};
		8BB35E311E600DCD0033F4E3 /* Build configuration list for PBXNativeTarget "GoTalkTests" */ = {
			isa = XCConfigurationList;
			buildConfigurations = (
				8BB35E321E600DCD0033F4E3 /* Debug */,
				8BB35E331E600DCD0033F4E3 /* Release */,
			);
			defaultConfigurationIsVisible = 0;
			defaultConfigurationName = Release;
		};
		8BB35E341E600DCD0033F4E3 /* Build configuration list for PBXNativeTarget "GoTalkUITests" */ = {
			isa = XCConfigurationList;
			buildConfigurations = (
				8BB35E351E600DCD0033F4E3 /* Debug */,
				8BB35E361E600DCD0033F4E3 /* Release */,
			);
			defaultConfigurationIsVisible = 0;
			defaultConfigurationName = Release;
		};
/* End XCConfigurationList section */
	};
	rootObject = 8BB35DFE1E600DCD0033F4E3 /* Project object */;
}
